
Microsoft Visual Studio Solution File, Format Version 12.00
# Visual Studio Version 16
VisualStudioVersion = 16.0.32002.261
MinimumVisualStudioVersion = 10.0.40219.1
Project("{888888A0-9F3D-457C-B088-3A5042F75D52}") = "CO5222_Assignment", "CO5222_Assignment.pyproj", "{9BBFBB7D-23E6-40B4-B537-04D17A536E3D}"
EndProject
Project("{2150E333-8FDC-42A3-9474-1A3956D46DE8}") = "Solution Items", "Solution Items", "{C1C2CCC2-D872-46A3-B528-65F3BFB525F0}"
EndProject
Global
	GlobalSection(SolutionConfigurationPlatforms) = preSolution
		Debug|Any CPU = Debug|Any CPU
		Release|Any CPU = Release|Any CPU
	EndGlobalSection
	GlobalSection(ProjectConfigurationPlatforms) = postSolution
		{9BBFBB7D-23E6-40B4-B537-04D17A536E3D}.Debug|Any CPU.ActiveCfg = Debug|Any CPU
		{9BBFBB7D-23E6-40B4-B537-04D17A536E3D}.Release|Any CPU.ActiveCfg = Release|Any CPU
	EndGlobalSection
	GlobalSection(SolutionProperties) = preSolution
		HideSolutionNode = FALSE
	EndGlobalSection
	GlobalSection(ExtensibilityGlobals) = postSolution
		SolutionGuid = {5DBBCD6A-0E22-4A87-95E0-F90385A7CECE}
	EndGlobalSection
EndGlobal
